
Microsoft Visual Studio Solution File, Format Version 12.00
# Visual Studio 15
VisualStudioVersion = 15.0.28010.2046
MinimumVisualStudioVersion = 10.0.40219.1
Project("{FAE04EC0-301F-11D3-BF4B-00C04F79EFBC}") = "MiPrimerPrism.Android", "MiPrimerPrism\MiPrimerPrism.Android\MiPrimerPrism.Android.csproj", "{2EF86812-5105-4A4B-8239-CF7435CA06C1}"
EndProject
Project("{FAE04EC0-301F-11D3-BF4B-00C04F79EFBC}") = "MiPrimerPrism.iOS", "MiPrimerPrism\MiPrimerPrism.iOS\MiPrimerPrism.iOS.csproj", "{D4EF8438-CAE0-4778-A01D-621B721A9299}"
EndProject
Project("{FAE04EC0-301F-11D3-BF4B-00C04F79EFBC}") = "MiPrimerPrism.UWP", "MiPrimerPrism\MiPrimerPrism.UWP\MiPrimerPrism.UWP.csproj", "{DCCC0A8E-6468-4045-B541-60296461296B}"
EndProject
Project("{9A19103F-16F7-4668-BE54-9A1E7A4F7556}") = "MiPrimerPrism", "MiPrimerPrism\MiPrimerPrism\MiPrimerPrism.csproj", "{44455E5E-AA60-429A-9FB8-DF648F0CA635}"
EndProject
Global
	GlobalSection(SolutionConfigurationPlatforms) = preSolution
		Ad-Hoc|Any CPU = Ad-Hoc|Any CPU
		Ad-Hoc|ARM = Ad-Hoc|ARM
		Ad-Hoc|iPhone = Ad-Hoc|iPhone
		Ad-Hoc|iPhoneSimulator = Ad-Hoc|iPhoneSimulator
		Ad-Hoc|x64 = Ad-Hoc|x64
		Ad-Hoc|x86 = Ad-Hoc|x86
		AppStore|Any CPU = AppStore|Any CPU
		AppStore|ARM = AppStore|ARM
		AppStore|iPhone = AppStore|iPhone
		AppStore|iPhoneSimulator = AppStore|iPhoneSimulator
		AppStore|x64 = AppStore|x64
		AppStore|x86 = AppStore|x86
		Debug|Any CPU = Debug|Any CPU
		Debug|ARM = Debug|ARM
		Debug|iPhone = Debug|iPhone
		Debug|iPhoneSimulator = Debug|iPhoneSimulator
		Debug|x64 = Debug|x64
		Debug|x86 = Debug|x86
		Release|Any CPU = Release|Any CPU
		Release|ARM = Release|ARM
		Release|iPhone = Release|iPhone
		Release|iPhoneSimulator = Release|iPhoneSimulator
		Release|x64 = Release|x64
		Release|x86 = Release|x86
	EndGlobalSection
	GlobalSection(ProjectConfigurationPlatforms) = postSolution
		{2EF86812-5105-4A4B-8239-CF7435CA06C1}.Ad-Hoc|Any CPU.ActiveCfg = Release|Any CPU
		{2EF86812-5105-4A4B-8239-CF7435CA06C1}.Ad-Hoc|Any CPU.Build.0 = Release|Any CPU
		{2EF86812-5105-4A4B-8239-CF7435CA06C1}.Ad-Hoc|Any CPU.Deploy.0 = Release|Any CPU
		{2EF86812-5105-4A4B-8239-CF7435CA06C1}.Ad-Hoc|ARM.ActiveCfg = Release|Any CPU
		{2EF86812-5105-4A4B-8239-CF7435CA06C1}.Ad-Hoc|ARM.Build.0 = Release|Any CPU
		{2EF86812-5105-4A4B-8239-CF7435CA06C1}.Ad-Hoc|ARM.Deploy.0 = Release|Any CPU
		{2EF86812-5105-4A4B-8239-CF7435CA06C1}.Ad-Hoc|iPhone.ActiveCfg = Release|Any CPU
		{2EF86812-5105-4A4B-8239-CF7435CA06C1}.Ad-Hoc|iPhone.Build.0 = Release|Any CPU
		{2EF86812-5105-4A4B-8239-CF7435CA06C1}.Ad-Hoc|iPhone.Deploy.0 = Release|Any CPU
		{2EF86812-5105-4A4B-8239-CF7435CA06C1}.Ad-Hoc|iPhoneSimulator.ActiveCfg = Release|Any CPU
		{2EF86812-5105-4A4B-8239-CF7435CA06C1}.Ad-Hoc|iPhoneSimulator.Build.0 = Release|Any CPU
		{2EF86812-5105-4A4B-8239-CF7435CA06C1}.Ad-Hoc|iPhoneSimulator.Deploy.0 = Release|Any CPU
		{2EF86812-5105-4A4B-8239-CF7435CA06C1}.Ad-Hoc|x64.ActiveCfg = Release|Any CPU
		{2EF86812-5105-4A4B-8239-CF7435CA06C1}.Ad-Hoc|x64.Build.0 = Release|Any CPU
		{2EF86812-5105-4A4B-8239-CF7435CA06C1}.Ad-Hoc|x64.Deploy.0 = Release|Any CPU
		{2EF86812-5105-4A4B-8239-CF7435CA06C1}.Ad-Hoc|x86.ActiveCfg = Release|Any CPU
		{2EF86812-5105-4A4B-8239-CF7435CA06C1}.Ad-Hoc|x86.Build.0 = Release|Any CPU
		{2EF86812-5105-4A4B-8239-CF7435CA06C1}.Ad-Hoc|x86.Deploy.0 = Release|Any CPU
		{2EF86812-5105-4A4B-8239-CF7435CA06C1}.AppStore|Any CPU.ActiveCfg = Release|Any CPU
		{2EF86812-5105-4A4B-8239-CF7435CA06C1}.AppStore|Any CPU.Build.0 = Release|Any CPU
		{2EF86812-5105-4A4B-8239-CF7435CA06C1}.AppStore|Any CPU.Deploy.0 = Release|Any CPU
		{2EF86812-5105-4A4B-8239-CF7435CA06C1}.AppStore|ARM.ActiveCfg = Release|Any CPU
		{2EF86812-5105-4A4B-8239-CF7435CA06C1}.AppStore|ARM.Build.0 = Release|Any CPU
		{2EF86812-5105-4A4B-8239-CF7435CA06C1}.AppStore|ARM.Deploy.0 = Release|Any CPU
		{2EF86812-5105-4A4B-8239-CF7435CA06C1}.AppStore|iPhone.ActiveCfg = Release|Any CPU
		{2EF86812-5105-4A4B-8239-CF7435CA06C1}.AppStore|iPhone.Build.0 = Release|Any CPU
		{2EF86812-5105-4A4B-8239-CF7435CA06C1}.AppStore|iPhone.Deploy.0 = Release|Any CPU
		{2EF86812-5105-4A4B-8239-CF7435CA06C1}.AppStore|iPhoneSimulator.ActiveCfg = Release|Any CPU
		{2EF86812-5105-4A4B-8239-CF7435CA06C1}.AppStore|iPhoneSimulator.Build.0 = Release|Any CPU
		{2EF86812-5105-4A4B-8239-CF7435CA06C1}.AppStore|iPhoneSimulator.Deploy.0 = Release|Any CPU
		{2EF86812-5105-4A4B-8239-CF7435CA06C1}.AppStore|x64.ActiveCfg = Release|Any CPU
		{2EF86812-5105-4A4B-8239-CF7435CA06C1}.AppStore|x64.Build.0 = Release|Any CPU
		{2EF86812-5105-4A4B-8239-CF7435CA06C1}.AppStore|x64.Deploy.0 = Release|Any CPU
		{2EF86812-5105-4A4B-8239-CF7435CA06C1}.AppStore|x86.ActiveCfg = Release|Any CPU
		{2EF86812-5105-4A4B-8239-CF7435CA06C1}.AppStore|x86.Build.0 = Release|Any CPU
		{2EF86812-5105-4A4B-8239-CF7435CA06C1}.AppStore|x86.Deploy.0 = Release|Any CPU
		{2EF86812-5105-4A4B-8239-CF7435CA06C1}.Debug|Any CPU.ActiveCfg = Debug|Any CPU
		{2EF86812-5105-4A4B-8239-CF7435CA06C1}.Debug|Any CPU.Build.0 = Debug|Any CPU
		{2EF86812-5105-4A4B-8239-CF7435CA06C1}.Debug|Any CPU.Deploy.0 = Debug|Any CPU
		{2EF86812-5105-4A4B-8239-CF7435CA06C1}.Debug|ARM.ActiveCfg = Debug|Any CPU
		{2EF86812-5105-4A4B-8239-CF7435CA06C1}.Debug|ARM.Build.0 = Debug|Any CPU
		{2EF86812-5105-4A4B-8239-CF7435CA06C1}.Debug|ARM.Deploy.0 = Debug|Any CPU
		{2EF86812-5105-4A4B-8239-CF7435CA06C1}.Debug|iPhone.ActiveCfg = Debug|Any CPU
		{2EF86812-5105-4A4B-8239-CF7435CA06C1}.Debug|iPhone.Build.0 = Debug|Any CPU
		{2EF86812-5105-4A4B-8239-CF7435CA06C1}.Debug|iPhone.Deploy.0 = Debug|Any CPU
		{2EF86812-5105-4A4B-8239-CF7435CA06C1}.Debug|iPhoneSimulator.ActiveCfg = Debug|Any CPU
		{2EF86812-5105-4A4B-8239-CF7435CA06C1}.Debug|iPhoneSimulator.Build.0 = Debug|Any CPU
		{2EF86812-5105-4A4B-8239-CF7435CA06C1}.Debug|iPhoneSimulator.Deploy.0 = Debug|Any CPU
		{2EF86812-5105-4A4B-8239-CF7435CA06C1}.Debug|x64.ActiveCfg = Debug|Any CPU
		{2EF86812-5105-4A4B-8239-CF7435CA06C1}.Debug|x64.Build.0 = Debug|Any CPU
		{2EF86812-5105-4A4B-8239-CF7435CA06C1}.Debug|x64.Deploy.0 = Debug|Any CPU
		{2EF86812-5105-4A4B-8239-CF7435CA06C1}.Debug|x86.ActiveCfg = Debug|Any CPU
		{2EF86812-5105-4A4B-8239-CF7435CA06C1}.Debug|x86.Build.0 = Debug|Any CPU
		{2EF86812-5105-4A4B-8239-CF7435CA06C1}.Debug|x86.Deploy.0 = Debug|Any CPU
		{2EF86812-5105-4A4B-8239-CF7435CA06C1}.Release|Any CPU.ActiveCfg = Release|Any CPU
		{2EF86812-5105-4A4B-8239-CF7435CA06C1}.Release|Any CPU.Build.0 = Release|Any CPU
		{2EF86812-5105-4A4B-8239-CF7435CA06C1}.Release|Any CPU.Deploy.0 = Release|Any CPU
		{2EF86812-5105-4A4B-8239-CF7435CA06C1}.Release|ARM.ActiveCfg = Release|Any CPU
		{2EF86812-5105-4A4B-8239-CF7435CA06C1}.Release|ARM.Build.0 = Release|Any CPU
		{2EF86812-5105-4A4B-8239-CF7435CA06C1}.Release|ARM.Deploy.0 = Release|Any CPU
		{2EF86812-5105-4A4B-8239-CF7435CA06C1}.Release|iPhone.ActiveCfg = Release|Any CPU
		{2EF86812-5105-4A4B-8239-CF7435CA06C1}.Release|iPhone.Build.0 = Release|Any CPU
		{2EF86812-5105-4A4B-8239-CF7435CA06C1}.Release|iPhone.Deploy.0 = Release|Any CPU
		{2EF86812-5105-4A4B-8239-CF7435CA06C1}.Release|iPhoneSimulator.ActiveCfg = Release|Any CPU
		{2EF86812-5105-4A4B-8239-CF7435CA06C1}.Release|iPhoneSimulator.Build.0 = Release|Any CPU
		{2EF86812-5105-4A4B-8239-CF7435CA06C1}.Release|iPhoneSimulator.Deploy.0 = Release|Any CPU
		{2EF86812-5105-4A4B-8239-CF7435CA06C1}.Release|x64.ActiveCfg = Release|Any CPU
		{2EF86812-5105-4A4B-8239-CF7435CA06C1}.Release|x64.Build.0 = Release|Any CPU
		{2EF86812-5105-4A4B-8239-CF7435CA06C1}.Release|x64.Deploy.0 = Release|Any CPU
		{2EF86812-5105-4A4B-8239-CF7435CA06C1}.Release|x86.ActiveCfg = Release|Any CPU
		{2EF86812-5105-4A4B-8239-CF7435CA06C1}.Release|x86.Build.0 = Release|Any CPU
		{2EF86812-5105-4A4B-8239-CF7435CA06C1}.Release|x86.Deploy.0 = Release|Any CPU
		{D4EF8438-CAE0-4778-A01D-621B721A9299}.Ad-Hoc|Any CPU.ActiveCfg = Ad-Hoc|iPhone
		{D4EF8438-CAE0-4778-A01D-621B721A9299}.Ad-Hoc|Any CPU.Build.0 = Ad-Hoc|iPhone
		{D4EF8438-CAE0-4778-A01D-621B721A9299}.Ad-Hoc|Any CPU.Deploy.0 = Ad-Hoc|iPhone
		{D4EF8438-CAE0-4778-A01D-621B721A9299}.Ad-Hoc|ARM.ActiveCfg = Ad-Hoc|iPhone
		{D4EF8438-CAE0-4778-A01D-621B721A9299}.Ad-Hoc|ARM.Build.0 = Ad-Hoc|iPhone
		{D4EF8438-CAE0-4778-A01D-621B721A9299}.Ad-Hoc|ARM.Deploy.0 = Ad-Hoc|iPhone
		{D4EF8438-CAE0-4778-A01D-621B721A9299}.Ad-Hoc|iPhone.ActiveCfg = Ad-Hoc|iPhone
		{D4EF8438-CAE0-4778-A01D-621B721A9299}.Ad-Hoc|iPhone.Build.0 = Ad-Hoc|iPhone
		{D4EF8438-CAE0-4778-A01D-621B721A9299}.Ad-Hoc|iPhone.Deploy.0 = Ad-Hoc|iPhone
		{D4EF8438-CAE0-4778-A01D-621B721A9299}.Ad-Hoc|iPhoneSimulator.ActiveCfg = Ad-Hoc|iPhoneSimulator
		{D4EF8438-CAE0-4778-A01D-621B721A9299}.Ad-Hoc|iPhoneSimulator.Build.0 = Ad-Hoc|iPhoneSimulator
		{D4EF8438-CAE0-4778-A01D-621B721A9299}.Ad-Hoc|iPhoneSimulator.Deploy.0 = Ad-Hoc|iPhoneSimulator
		{D4EF8438-CAE0-4778-A01D-621B721A9299}.Ad-Hoc|x64.ActiveCfg = Ad-Hoc|iPhone
		{D4EF8438-CAE0-4778-A01D-621B721A9299}.Ad-Hoc|x64.Build.0 = Ad-Hoc|iPhone
		{D4EF8438-CAE0-4778-A01D-621B721A9299}.Ad-Hoc|x64.Deploy.0 = Ad-Hoc|iPhone
		{D4EF8438-CAE0-4778-A01D-621B721A9299}.Ad-Hoc|x86.ActiveCfg = Ad-Hoc|iPhone
		{D4EF8438-CAE0-4778-A01D-621B721A9299}.Ad-Hoc|x86.Build.0 = Ad-Hoc|iPhone
		{D4EF8438-CAE0-4778-A01D-621B721A9299}.Ad-Hoc|x86.Deploy.0 = Ad-Hoc|iPhone
		{D4EF8438-CAE0-4778-A01D-621B721A9299}.AppStore|Any CPU.ActiveCfg = AppStore|iPhone
		{D4EF8438-CAE0-4778-A01D-621B721A9299}.AppStore|Any CPU.Build.0 = AppStore|iPhone
		{D4EF8438-CAE0-4778-A01D-621B721A9299}.AppStore|Any CPU.Deploy.0 = AppStore|iPhone
		{D4EF8438-CAE0-4778-A01D-621B721A9299}.AppStore|ARM.ActiveCfg = AppStore|iPhone
		{D4EF8438-CAE0-4778-A01D-621B721A9299}.AppStore|ARM.Build.0 = AppStore|iPhone
		{D4EF8438-CAE0-4778-A01D-621B721A9299}.AppStore|ARM.Deploy.0 = AppStore|iPhone
		{D4EF8438-CAE0-4778-A01D-621B721A9299}.AppStore|iPhone.ActiveCfg = AppStore|iPhone
		{D4EF8438-CAE0-4778-A01D-621B721A9299}.AppStore|iPhone.Build.0 = AppStore|iPhone
		{D4EF8438-CAE0-4778-A01D-621B721A9299}.AppStore|iPhone.Deploy.0 = AppStore|iPhone
		{D4EF8438-CAE0-4778-A01D-621B721A9299}.AppStore|iPhoneSimulator.ActiveCfg = AppStore|iPhoneSimulator
		{D4EF8438-CAE0-4778-A01D-621B721A9299}.AppStore|iPhoneSimulator.Build.0 = AppStore|iPhoneSimulator
		{D4EF8438-CAE0-4778-A01D-621B721A9299}.AppStore|iPhoneSimulator.Deploy.0 = AppStore|iPhoneSimulator
		{D4EF8438-CAE0-4778-A01D-621B721A9299}.AppStore|x64.ActiveCfg = AppStore|iPhone
		{D4EF8438-CAE0-4778-A01D-621B721A9299}.AppStore|x64.Build.0 = AppStore|iPhone
		{D4EF8438-CAE0-4778-A01D-621B721A9299}.AppStore|x64.Deploy.0 = AppStore|iPhone
		{D4EF8438-CAE0-4778-A01D-621B721A9299}.AppStore|x86.ActiveCfg = AppStore|iPhone
		{D4EF8438-CAE0-4778-A01D-621B721A9299}.AppStore|x86.Build.0 = AppStore|iPhone
		{D4EF8438-CAE0-4778-A01D-621B721A9299}.AppStore|x86.Deploy.0 = AppStore|iPhone
		{D4EF8438-CAE0-4778-A01D-621B721A9299}.Debug|Any CPU.ActiveCfg = Debug|iPhoneSimulator
		{D4EF8438-CAE0-4778-A01D-621B721A9299}.Debug|Any CPU.Build.0 = Debug|iPhoneSimulator
		{D4EF8438-CAE0-4778-A01D-621B721A9299}.Debug|Any CPU.Deploy.0 = Debug|iPhoneSimulator
		{D4EF8438-CAE0-4778-A01D-621B721A9299}.Debug|ARM.ActiveCfg = Debug|iPhone
		{D4EF8438-CAE0-4778-A01D-621B721A9299}.Debug|ARM.Build.0 = Debug|iPhone
		{D4EF8438-CAE0-4778-A01D-621B721A9299}.Debug|ARM.Deploy.0 = Debug|iPhone
		{D4EF8438-CAE0-4778-A01D-621B721A9299}.Debug|iPhone.ActiveCfg = Debug|iPhone
		{D4EF8438-CAE0-4778-A01D-621B721A9299}.Debug|iPhone.Build.0 = Debug|iPhone
		{D4EF8438-CAE0-4778-A01D-621B721A9299}.Debug|iPhone.Deploy.0 = Debug|iPhone
		{D4EF8438-CAE0-4778-A01D-621B721A9299}.Debug|iPhoneSimulator.ActiveCfg = Debug|iPhoneSimulator
		{D4EF8438-CAE0-4778-A01D-621B721A9299}.Debug|iPhoneSimulator.Build.0 = Debug|iPhoneSimulator
		{D4EF8438-CAE0-4778-A01D-621B721A9299}.Debug|iPhoneSimulator.Deploy.0 = Debug|iPhoneSimulator
		{D4EF8438-CAE0-4778-A01D-621B721A9299}.Debug|x64.ActiveCfg = Debug|iPhone
		{D4EF8438-CAE0-4778-A01D-621B721A9299}.Debug|x64.Build.0 = Debug|iPhone
		{D4EF8438-CAE0-4778-A01D-621B721A9299}.Debug|x64.Deploy.0 = Debug|iPhone
		{D4EF8438-CAE0-4778-A01D-621B721A9299}.Debug|x86.ActiveCfg = Debug|iPhone
		{D4EF8438-CAE0-4778-A01D-621B721A9299}.Debug|x86.Build.0 = Debug|iPhone
		{D4EF8438-CAE0-4778-A01D-621B721A9299}.Debug|x86.Deploy.0 = Debug|iPhone
		{D4EF8438-CAE0-4778-A01D-621B721A9299}.Release|Any CPU.ActiveCfg = Release|iPhone
		{D4EF8438-CAE0-4778-A01D-621B721A9299}.Release|Any CPU.Build.0 = Release|iPhone
		{D4EF8438-CAE0-4778-A01D-621B721A9299}.Release|Any CPU.Deploy.0 = Release|iPhone
		{D4EF8438-CAE0-4778-A01D-621B721A9299}.Release|ARM.ActiveCfg = Release|iPhone
		{D4EF8438-CAE0-4778-A01D-621B721A9299}.Release|ARM.Build.0 = Release|iPhone
		{D4EF8438-CAE0-4778-A01D-621B721A9299}.Release|ARM.Deploy.0 = Release|iPhone
		{D4EF8438-CAE0-4778-A01D-621B721A9299}.Release|iPhone.ActiveCfg = Release|iPhone
		{D4EF8438-CAE0-4778-A01D-621B721A9299}.Release|iPhone.Build.0 = Release|iPhone
		{D4EF8438-CAE0-4778-A01D-621B721A9299}.Release|iPhone.Deploy.0 = Release|iPhone
		{D4EF8438-CAE0-4778-A01D-621B721A9299}.Release|iPhoneSimulator.ActiveCfg = Release|iPhoneSimulator
		{D4EF8438-CAE0-4778-A01D-621B721A9299}.Release|iPhoneSimulator.Build.0 = Release|iPhoneSimulator
		{D4EF8438-CAE0-4778-A01D-621B721A9299}.Release|iPhoneSimulator.Deploy.0 = Release|iPhoneSimulator
		{D4EF8438-CAE0-4778-A01D-621B721A9299}.Release|x64.ActiveCfg = Release|iPhone
		{D4EF8438-CAE0-4778-A01D-621B721A9299}.Release|x64.Build.0 = Release|iPhone
		{D4EF8438-CAE0-4778-A01D-621B721A9299}.Release|x64.Deploy.0 = Release|iPhone
		{D4EF8438-CAE0-4778-A01D-621B721A9299}.Release|x86.ActiveCfg = Release|iPhone
		{D4EF8438-CAE0-4778-A01D-621B721A9299}.Release|x86.Build.0 = Release|iPhone
		{D4EF8438-CAE0-4778-A01D-621B721A9299}.Release|x86.Deploy.0 = Release|iPhone
		{DCCC0A8E-6468-4045-B541-60296461296B}.Ad-Hoc|Any CPU.ActiveCfg = Release|x86
		{DCCC0A8E-6468-4045-B541-60296461296B}.Ad-Hoc|Any CPU.Build.0 = Release|x86
		{DCCC0A8E-6468-4045-B541-60296461296B}.Ad-Hoc|Any CPU.Deploy.0 = Release|x86
		{DCCC0A8E-6468-4045-B541-60296461296B}.Ad-Hoc|ARM.ActiveCfg = Release|ARM
		{DCCC0A8E-6468-4045-B541-60296461296B}.Ad-Hoc|ARM.Build.0 = Release|ARM
		{DCCC0A8E-6468-4045-B541-60296461296B}.Ad-Hoc|ARM.Deploy.0 = Release|ARM
		{DCCC0A8E-6468-4045-B541-60296461296B}.Ad-Hoc|iPhone.ActiveCfg = Release|x86
		{DCCC0A8E-6468-4045-B541-60296461296B}.Ad-Hoc|iPhone.Build.0 = Release|x86
		{DCCC0A8E-6468-4045-B541-60296461296B}.Ad-Hoc|iPhone.Deploy.0 = Release|x86
		{DCCC0A8E-6468-4045-B541-60296461296B}.Ad-Hoc|iPhoneSimulator.ActiveCfg = Release|x86
		{DCCC0A8E-6468-4045-B541-60296461296B}.Ad-Hoc|iPhoneSimulator.Build.0 = Release|x86
		{DCCC0A8E-6468-4045-B541-60296461296B}.Ad-Hoc|iPhoneSimulator.Deploy.0 = Release|x86
		{DCCC0A8E-6468-4045-B541-60296461296B}.Ad-Hoc|x64.ActiveCfg = Release|x64
		{DCCC0A8E-6468-4045-B541-60296461296B}.Ad-Hoc|x64.Build.0 = Release|x64
		{DCCC0A8E-6468-4045-B541-60296461296B}.Ad-Hoc|x64.Deploy.0 = Release|x64
		{DCCC0A8E-6468-4045-B541-60296461296B}.Ad-Hoc|x86.ActiveCfg = Release|x86
		{DCCC0A8E-6468-4045-B541-60296461296B}.Ad-Hoc|x86.Build.0 = Release|x86
		{DCCC0A8E-6468-4045-B541-60296461296B}.Ad-Hoc|x86.Deploy.0 = Release|x86
		{DCCC0A8E-6468-4045-B541-60296461296B}.AppStore|Any CPU.ActiveCfg = Release|x86
		{DCCC0A8E-6468-4045-B541-60296461296B}.AppStore|Any CPU.Build.0 = Release|x86
		{DCCC0A8E-6468-4045-B541-60296461296B}.AppStore|Any CPU.Deploy.0 = Release|x86
		{DCCC0A8E-6468-4045-B541-60296461296B}.AppStore|ARM.ActiveCfg = Release|ARM
		{DCCC0A8E-6468-4045-B541-60296461296B}.AppStore|ARM.Build.0 = Release|ARM
		{DCCC0A8E-6468-4045-B541-60296461296B}.AppStore|ARM.Deploy.0 = Release|ARM
		{DCCC0A8E-6468-4045-B541-60296461296B}.AppStore|iPhone.ActiveCfg = Release|x86
		{DCCC0A8E-6468-4045-B541-60296461296B}.AppStore|iPhone.Build.0 = Release|x86
		{DCCC0A8E-6468-4045-B541-60296461296B}.AppStore|iPhone.Deploy.0 = Release|x86
		{DCCC0A8E-6468-4045-B541-60296461296B}.AppStore|iPhoneSimulator.ActiveCfg = Release|x86
		{DCCC0A8E-6468-4045-B541-60296461296B}.AppStore|iPhoneSimulator.Build.0 = Release|x86
		{DCCC0A8E-6468-4045-B541-60296461296B}.AppStore|iPhoneSimulator.Deploy.0 = Release|x86
		{DCCC0A8E-6468-4045-B541-60296461296B}.AppStore|x64.ActiveCfg = Release|x64
		{DCCC0A8E-6468-4045-B541-60296461296B}.AppStore|x64.Build.0 = Release|x64
		{DCCC0A8E-6468-4045-B541-60296461296B}.AppStore|x64.Deploy.0 = Release|x64
		{DCCC0A8E-6468-4045-B541-60296461296B}.AppStore|x86.ActiveCfg = Release|x86
		{DCCC0A8E-6468-4045-B541-60296461296B}.AppStore|x86.Build.0 = Release|x86
		{DCCC0A8E-6468-4045-B541-60296461296B}.AppStore|x86.Deploy.0 = Release|x86
		{DCCC0A8E-6468-4045-B541-60296461296B}.Debug|Any CPU.ActiveCfg = Debug|x86
		{DCCC0A8E-6468-4045-B541-60296461296B}.Debug|Any CPU.Build.0 = Debug|x86
		{DCCC0A8E-6468-4045-B541-60296461296B}.Debug|Any CPU.Deploy.0 = Debug|x86
		{DCCC0A8E-6468-4045-B541-60296461296B}.Debug|ARM.ActiveCfg = Debug|ARM
		{DCCC0A8E-6468-4045-B541-60296461296B}.Debug|ARM.Build.0 = Debug|ARM
		{DCCC0A8E-6468-4045-B541-60296461296B}.Debug|ARM.Deploy.0 = Debug|ARM
		{DCCC0A8E-6468-4045-B541-60296461296B}.Debug|iPhone.ActiveCfg = Debug|x86
		{DCCC0A8E-6468-4045-B541-60296461296B}.Debug|iPhone.Build.0 = Debug|x86
		{DCCC0A8E-6468-4045-B541-60296461296B}.Debug|iPhone.Deploy.0 = Debug|x86
		{DCCC0A8E-6468-4045-B541-60296461296B}.Debug|iPhoneSimulator.ActiveCfg = Debug|x86
		{DCCC0A8E-6468-4045-B541-60296461296B}.Debug|iPhoneSimulator.Build.0 = Debug|x86
		{DCCC0A8E-6468-4045-B541-60296461296B}.Debug|iPhoneSimulator.Deploy.0 = Debug|x86
		{DCCC0A8E-6468-4045-B541-60296461296B}.Debug|x64.ActiveCfg = Debug|x64
		{DCCC0A8E-6468-4045-B541-60296461296B}.Debug|x64.Build.0 = Debug|x64
		{DCCC0A8E-6468-4045-B541-60296461296B}.Debug|x64.Deploy.0 = Debug|x64
		{DCCC0A8E-6468-4045-B541-60296461296B}.Debug|x86.ActiveCfg = Debug|x86
		{DCCC0A8E-6468-4045-B541-60296461296B}.Debug|x86.Build.0 = Debug|x86
		{DCCC0A8E-6468-4045-B541-60296461296B}.Debug|x86.Deploy.0 = Debug|x86
		{DCCC0A8E-6468-4045-B541-60296461296B}.Release|Any CPU.ActiveCfg = Release|x86
		{DCCC0A8E-6468-4045-B541-60296461296B}.Release|Any CPU.Build.0 = Release|x86
		{DCCC0A8E-6468-4045-B541-60296461296B}.Release|Any CPU.Deploy.0 = Release|x86
		{DCCC0A8E-6468-4045-B541-60296461296B}.Release|ARM.ActiveCfg = Release|ARM
		{DCCC0A8E-6468-4045-B541-60296461296B}.Release|ARM.Build.0 = Release|ARM
		{DCCC0A8E-6468-4045-B541-60296461296B}.Release|ARM.Deploy.0 = Release|ARM
		{DCCC0A8E-6468-4045-B541-60296461296B}.Release|iPhone.ActiveCfg = Release|x86
		{DCCC0A8E-6468-4045-B541-60296461296B}.Release|iPhone.Build.0 = Release|x86
		{DCCC0A8E-6468-4045-B541-60296461296B}.Release|iPhone.Deploy.0 = Release|x86
		{DCCC0A8E-6468-4045-B541-60296461296B}.Release|iPhoneSimulator.ActiveCfg = Release|x86
		{DCCC0A8E-6468-4045-B541-60296461296B}.Release|iPhoneSimulator.Build.0 = Release|x86
		{DCCC0A8E-6468-4045-B541-60296461296B}.Release|iPhoneSimulator.Deploy.0 = Release|x86
		{DCCC0A8E-6468-4045-B541-60296461296B}.Release|x64.ActiveCfg = Release|x64
		{DCCC0A8E-6468-4045-B541-60296461296B}.Release|x64.Build.0 = Release|x64
		{DCCC0A8E-6468-4045-B541-60296461296B}.Release|x64.Deploy.0 = Release|x64
		{DCCC0A8E-6468-4045-B541-60296461296B}.Release|x86.ActiveCfg = Release|x86
		{DCCC0A8E-6468-4045-B541-60296461296B}.Release|x86.Build.0 = Release|x86
		{DCCC0A8E-6468-4045-B541-60296461296B}.Release|x86.Deploy.0 = Release|x86
		{44455E5E-AA60-429A-9FB8-DF648F0CA635}.Ad-Hoc|Any CPU.ActiveCfg = Debug|Any CPU
		{44455E5E-AA60-429A-9FB8-DF648F0CA635}.Ad-Hoc|Any CPU.Build.0 = Debug|Any CPU
		{44455E5E-AA60-429A-9FB8-DF648F0CA635}.Ad-Hoc|Any CPU.Deploy.0 = Debug|Any CPU
		{44455E5E-AA60-429A-9FB8-DF648F0CA635}.Ad-Hoc|ARM.ActiveCfg = Debug|Any CPU
		{44455E5E-AA60-429A-9FB8-DF648F0CA635}.Ad-Hoc|ARM.Build.0 = Debug|Any CPU
		{44455E5E-AA60-429A-9FB8-DF648F0CA635}.Ad-Hoc|ARM.Deploy.0 = Debug|Any CPU
		{44455E5E-AA60-429A-9FB8-DF648F0CA635}.Ad-Hoc|iPhone.ActiveCfg = Debug|Any CPU
		{44455E5E-AA60-429A-9FB8-DF648F0CA635}.Ad-Hoc|iPhone.Build.0 = Debug|Any CPU
		{44455E5E-AA60-429A-9FB8-DF648F0CA635}.Ad-Hoc|iPhone.Deploy.0 = Debug|Any CPU
		{44455E5E-AA60-429A-9FB8-DF648F0CA635}.Ad-Hoc|iPhoneSimulator.ActiveCfg = Debug|Any CPU
		{44455E5E-AA60-429A-9FB8-DF648F0CA635}.Ad-Hoc|iPhoneSimulator.Build.0 = Debug|Any CPU
		{44455E5E-AA60-429A-9FB8-DF648F0CA635}.Ad-Hoc|iPhoneSimulator.Deploy.0 = Debug|Any CPU
		{44455E5E-AA60-429A-9FB8-DF648F0CA635}.Ad-Hoc|x64.ActiveCfg = Debug|Any CPU
		{44455E5E-AA60-429A-9FB8-DF648F0CA635}.Ad-Hoc|x64.Build.0 = Debug|Any CPU
		{44455E5E-AA60-429A-9FB8-DF648F0CA635}.Ad-Hoc|x64.Deploy.0 = Debug|Any CPU
		{44455E5E-AA60-429A-9FB8-DF648F0CA635}.Ad-Hoc|x86.ActiveCfg = Debug|Any CPU
		{44455E5E-AA60-429A-9FB8-DF648F0CA635}.Ad-Hoc|x86.Build.0 = Debug|Any CPU
		{44455E5E-AA60-429A-9FB8-DF648F0CA635}.Ad-Hoc|x86.Deploy.0 = Debug|Any CPU
		{44455E5E-AA60-429A-9FB8-DF648F0CA635}.AppStore|Any CPU.ActiveCfg = Debug|Any CPU
		{44455E5E-AA60-429A-9FB8-DF648F0CA635}.AppStore|Any CPU.Build.0 = Debug|Any CPU
		{44455E5E-AA60-429A-9FB8-DF648F0CA635}.AppStore|Any CPU.Deploy.0 = Debug|Any CPU
		{44455E5E-AA60-429A-9FB8-DF648F0CA635}.AppStore|ARM.ActiveCfg = Debug|Any CPU
		{44455E5E-AA60-429A-9FB8-DF648F0CA635}.AppStore|ARM.Build.0 = Debug|Any CPU
		{44455E5E-AA60-429A-9FB8-DF648F0CA635}.AppStore|ARM.Deploy.0 = Debug|Any CPU
		{44455E5E-AA60-429A-9FB8-DF648F0CA635}.AppStore|iPhone.ActiveCfg = Debug|Any CPU
		{44455E5E-AA60-429A-9FB8-DF648F0CA635}.AppStore|iPhone.Build.0 = Debug|Any CPU
		{44455E5E-AA60-429A-9FB8-DF648F0CA635}.AppStore|iPhone.Deploy.0 = Debug|Any CPU
		{44455E5E-AA60-429A-9FB8-DF648F0CA635}.AppStore|iPhoneSimulator.ActiveCfg = Debug|Any CPU
		{44455E5E-AA60-429A-9FB8-DF648F0CA635}.AppStore|iPhoneSimulator.Build.0 = Debug|Any CPU
		{44455E5E-AA60-429A-9FB8-DF648F0CA635}.AppStore|iPhoneSimulator.Deploy.0 = Debug|Any CPU
		{44455E5E-AA60-429A-9FB8-DF648F0CA635}.AppStore|x64.ActiveCfg = Debug|Any CPU
		{44455E5E-AA60-429A-9FB8-DF648F0CA635}.AppStore|x64.Build.0 = Debug|Any CPU
		{44455E5E-AA60-429A-9FB8-DF648F0CA635}.AppStore|x64.Deploy.0 = Debug|Any CPU
		{44455E5E-AA60-429A-9FB8-DF648F0CA635}.AppStore|x86.ActiveCfg = Debug|Any CPU
		{44455E5E-AA60-429A-9FB8-DF648F0CA635}.AppStore|x86.Build.0 = Debug|Any CPU
		{44455E5E-AA60-429A-9FB8-DF648F0CA635}.AppStore|x86.Deploy.0 = Debug|Any CPU
		{44455E5E-AA60-429A-9FB8-DF648F0CA635}.Debug|Any CPU.ActiveCfg = Debug|Any CPU
		{44455E5E-AA60-429A-9FB8-DF648F0CA635}.Debug|Any CPU.Build.0 = Debug|Any CPU
		{44455E5E-AA60-429A-9FB8-DF648F0CA635}.Debug|Any CPU.Deploy.0 = Debug|Any CPU
		{44455E5E-AA60-429A-9FB8-DF648F0CA635}.Debug|ARM.ActiveCfg = Debug|Any CPU
		{44455E5E-AA60-429A-9FB8-DF648F0CA635}.Debug|ARM.Build.0 = Debug|Any CPU
		{44455E5E-AA60-429A-9FB8-DF648F0CA635}.Debug|ARM.Deploy.0 = Debug|Any CPU
		{44455E5E-AA60-429A-9FB8-DF648F0CA635}.Debug|iPhone.ActiveCfg = Debug|Any CPU
		{44455E5E-AA60-429A-9FB8-DF648F0CA635}.Debug|iPhone.Build.0 = Debug|Any CPU
		{44455E5E-AA60-429A-9FB8-DF648F0CA635}.Debug|iPhone.Deploy.0 = Debug|Any CPU
		{44455E5E-AA60-429A-9FB8-DF648F0CA635}.Debug|iPhoneSimulator.ActiveCfg = Debug|Any CPU
		{44455E5E-AA60-429A-9FB8-DF648F0CA635}.Debug|iPhoneSimulator.Build.0 = Debug|Any CPU
		{44455E5E-AA60-429A-9FB8-DF648F0CA635}.Debug|iPhoneSimulator.Deploy.0 = Debug|Any CPU
		{44455E5E-AA60-429A-9FB8-DF648F0CA635}.Debug|x64.ActiveCfg = Debug|Any CPU
		{44455E5E-AA60-429A-9FB8-DF648F0CA635}.Debug|x64.Build.0 = Debug|Any CPU
		{44455E5E-AA60-429A-9FB8-DF648F0CA635}.Debug|x64.Deploy.0 = Debug|Any CPU
		{44455E5E-AA60-429A-9FB8-DF648F0CA635}.Debug|x86.ActiveCfg = Debug|Any CPU
		{44455E5E-AA60-429A-9FB8-DF648F0CA635}.Debug|x86.Build.0 = Debug|Any CPU
		{44455E5E-AA60-429A-9FB8-DF648F0CA635}.Debug|x86.Deploy.0 = Debug|Any CPU
		{44455E5E-AA60-429A-9FB8-DF648F0CA635}.Release|Any CPU.ActiveCfg = Release|Any CPU
		{44455E5E-AA60-429A-9FB8-DF648F0CA635}.Release|Any CPU.Build.0 = Release|Any CPU
		{44455E5E-AA60-429A-9FB8-DF648F0CA635}.Release|Any CPU.Deploy.0 = Release|Any CPU
		{44455E5E-AA60-429A-9FB8-DF648F0CA635}.Release|ARM.ActiveCfg = Release|Any CPU
		{44455E5E-AA60-429A-9FB8-DF648F0CA635}.Release|ARM.Build.0 = Release|Any CPU
		{44455E5E-AA60-429A-9FB8-DF648F0CA635}.Release|ARM.Deploy.0 = Release|Any CPU
		{44455E5E-AA60-429A-9FB8-DF648F0CA635}.Release|iPhone.ActiveCfg = Release|Any CPU
		{44455E5E-AA60-429A-9FB8-DF648F0CA635}.Release|iPhone.Build.0 = Release|Any CPU
		{44455E5E-AA60-429A-9FB8-DF648F0CA635}.Release|iPhone.Deploy.0 = Release|Any CPU
		{44455E5E-AA60-429A-9FB8-DF648F0CA635}.Release|iPhoneSimulator.ActiveCfg = Release|Any CPU
		{44455E5E-AA60-429A-9FB8-DF648F0CA635}.Release|iPhoneSimulator.Build.0 = Release|Any CPU
		{44455E5E-AA60-429A-9FB8-DF648F0CA635}.Release|iPhoneSimulator.Deploy.0 = Release|Any CPU
		{44455E5E-AA60-429A-9FB8-DF648F0CA635}.Release|x64.ActiveCfg = Release|Any CPU
		{44455E5E-AA60-429A-9FB8-DF648F0CA635}.Release|x64.Build.0 = Release|Any CPU
		{44455E5E-AA60-429A-9FB8-DF648F0CA635}.Release|x64.Deploy.0 = Release|Any CPU
		{44455E5E-AA60-429A-9FB8-DF648F0CA635}.Release|x86.ActiveCfg = Release|Any CPU
		{44455E5E-AA60-429A-9FB8-DF648F0CA635}.Release|x86.Build.0 = Release|Any CPU
		{44455E5E-AA60-429A-9FB8-DF648F0CA635}.Release|x86.Deploy.0 = Release|Any CPU
	EndGlobalSection
	GlobalSection(SolutionProperties) = preSolution
		HideSolutionNode = FALSE
	EndGlobalSection
	GlobalSection(ExtensibilityGlobals) = postSolution
		SolutionGuid = {A761AD52-8F68-4798-A19D-4CBD4F9F4A89}
	EndGlobalSection
EndGlobal
